Microsoft Visual Studio Solution File, Format Version 12.00
# Visual Studio 2012
Project("{FAE04EC0-301F-11D3-BF4B-00C04F79EFBC}") = "Sandbox", "src\Sandbox\Sandbox.csproj", "{6B42680F-F888-48C6-AF27-10134EF1777D}"
EndProject
Project("{2150E333-8FDC-42A3-9474-1A3956D46DE8}") = "src", "src", "{1C28B04D-0CD2-456E-95FD-17371BE7F076}"
EndProject
Project("{FAE04EC0-301F-11D3-BF4B-00C04F79EFBC}") = "GodotGadgets", "..\..\RiderProjects\GodotGadgets\GodotGadgets\GodotGadgets.csproj", "{34065F2B-7EF8-4BAD-9534-3022603C54A5}"
EndProject
Global
	GlobalSection(SolutionConfigurationPlatforms) = preSolution
	Debug|Any CPU = Debug|Any CPU
	ExportDebug|Any CPU = ExportDebug|Any CPU
	ExportRelease|Any CPU = ExportRelease|Any CPU
	EndGlobalSection
	GlobalSection(ProjectConfigurationPlatforms) = postSolution
		{6B42680F-F888-48C6-AF27-10134EF1777D}.Debug|Any CPU.ActiveCfg = Debug|Any CPU
		{6B42680F-F888-48C6-AF27-10134EF1777D}.Debug|Any CPU.Build.0 = Debug|Any CPU
		{6B42680F-F888-48C6-AF27-10134EF1777D}.ExportDebug|Any CPU.ActiveCfg = ExportDebug|Any CPU
		{6B42680F-F888-48C6-AF27-10134EF1777D}.ExportDebug|Any CPU.Build.0 = ExportDebug|Any CPU
		{6B42680F-F888-48C6-AF27-10134EF1777D}.ExportRelease|Any CPU.ActiveCfg = ExportRelease|Any CPU
		{6B42680F-F888-48C6-AF27-10134EF1777D}.ExportRelease|Any CPU.Build.0 = ExportRelease|Any CPU
		{34065F2B-7EF8-4BAD-9534-3022603C54A5}.Debug|Any CPU.ActiveCfg = Debug|Any CPU
		{34065F2B-7EF8-4BAD-9534-3022603C54A5}.Debug|Any CPU.Build.0 = Debug|Any CPU
		{34065F2B-7EF8-4BAD-9534-3022603C54A5}.ExportDebug|Any CPU.ActiveCfg = Debug|Any CPU
		{34065F2B-7EF8-4BAD-9534-3022603C54A5}.ExportDebug|Any CPU.Build.0 = Debug|Any CPU
		{34065F2B-7EF8-4BAD-9534-3022603C54A5}.ExportRelease|Any CPU.ActiveCfg = Debug|Any CPU
		{34065F2B-7EF8-4BAD-9534-3022603C54A5}.ExportRelease|Any CPU.Build.0 = Debug|Any CPU
	EndGlobalSection
	GlobalSection(NestedProjects) = preSolution
		{6B42680F-F888-48C6-AF27-10134EF1777D} = {1C28B04D-0CD2-456E-95FD-17371BE7F076}
	EndGlobalSection
EndGlobal
